{
  "name": "surego-security",
  "version": "1.0.0",
  "lockfileVersion": 3,
  "requires": true,
  "packages": {
    "": {
      "name": "surego-security",
      "version": "1.0.0",
      "dependencies": {
        "uni-id": "file:../../../../uni_modules/uni-id/uniCloud/cloudfunctions/common/uni-id"
      }
    },
    "../../../../uni_modules/uni-id/uniCloud/cloudfunctions/common/uni-id": {
      "version": "3.3.29",
      "license": "Apache-2.0",
      "dependencies": {
        "uni-config-center": "file:../../../../../uni-config-center/uniCloud/cloudfunctions/common/uni-config-center",
        "uni-open-bridge-common": "file:../../../../../uni-open-bridge-common/uniCloud/cloudfunctions/common/uni-open-bridge-common"
      }
    },
    "node_modules/uni-id": {
      "resolved": "../../../../uni_modules/uni-id/uniCloud/cloudfunctions/common/uni-id",
      "link": true
    }
  }
}
